// !$*UTF8*$!
{
	archiveVersion = 1;
	classes = {
	};
	objectVersion = 56;
	objects = {

/* Begin PBXBuildFile section */
		014A19CF2AC9F9080076CCFA /* GameSpace.swift in Sources */ = {isa = PBXBuildFile; fileRef = 014A19CE2AC9F9070076CCFA /* GameSpace.swift */; };
		014A19D12AC9FA240076CCFA /* GameGrid.swift in Sources */ = {isa = PBXBuildFile; fileRef = 014A19D02AC9FA240076CCFA /* GameGrid.swift */; };
		014A19D32AC9FA7C0076CCFA /* TicTacToolbar.swift in Sources */ = {isa = PBXBuildFile; fileRef = 014A19D22AC9FA7C0076CCFA /* TicTacToolbar.swift */; };
		015DB0A22ADCC98300C28D3D /* ConfettiSwiftUI in Frameworks */ = {isa = PBXBuildFile; productRef = 015DB0A12ADCC98300C28D3D /* ConfettiSwiftUI */; };
		015DB0A42ADCCB2200C28D3D /* ScoreCard.swift in Sources */ = {isa = PBXBuildFile; fileRef = 015DB0A32ADCCB2200C28D3D /* ScoreCard.swift */; };
		01B881322AC8E35100C5B02B /* GameViewModel.swift in Sources */ = {isa = PBXBuildFile; fileRef = 01B881312AC8E35100C5B02B /* GameViewModel.swift */; };
		01B881342AC8E37A00C5B02B /* StatusLabel.swift in Sources */ = {isa = PBXBuildFile; fileRef = 01B881332AC8E37A00C5B02B /* StatusLabel.swift */; };
		01EC324B2AC885350015041A /* TicTacToeApp.swift in Sources */ = {isa = PBXBuildFile; fileRef = 01EC324A2AC885350015041A /* TicTacToeApp.swift */; };
		01EC324D2AC885350015041A /* GameView.swift in Sources */ = {isa = PBXBuildFile; fileRef = 01EC324C2AC885350015041A /* GameView.swift */; };
		01EC324F2AC8853B0015041A /* Assets.xcassets in Resources */ = {isa = PBXBuildFile; fileRef = 01EC324E2AC8853B0015041A /* Assets.xcassets */; };
		01EC32522AC8853B0015041A /* Preview Assets.xcassets in Resources */ = {isa = PBXBuildFile; fileRef = 01EC32512AC8853B0015041A /* Preview Assets.xcassets */; };
/* End PBXBuildFile section */

/* Begin PBXFileReference section */
		014A19CE2AC9F9070076CCFA /* GameSpace.swift */ = {isa = PBXFileReference; lastKnownFileType = sourcecode.swift; path = GameSpace.swift; sourceTree = "<group>"; };
		014A19D02AC9FA240076CCFA /* GameGrid.swift */ = {isa = PBXFileReference; lastKnownFileType = sourcecode.swift; path = GameGrid.swift; sourceTree = "<group>"; };
		014A19D22AC9FA7C0076CCFA /* TicTacToolbar.swift */ = {isa = PBXFileReference; lastKnownFileType = sourcecode.swift; path = TicTacToolbar.swift; sourceTree = "<group>"; };
		015DB0A32ADCCB2200C28D3D /* ScoreCard.swift */ = {isa = PBXFileReference; lastKnownFileType = sourcecode.swift; path = ScoreCard.swift; sourceTree = "<group>"; };
		01A150B32AC9A209002F5A95 /* Info.plist */ = {isa = PBXFileReference; lastKnownFileType = text.plist.xml; path = Info.plist; sourceTree = "<group>"; };
		01B881312AC8E35100C5B02B /* GameViewModel.swift */ = {isa = PBXFileReference; lastKnownFileType = sourcecode.swift; path = GameViewModel.swift; sourceTree = "<group>"; };
		01B881332AC8E37A00C5B02B /* StatusLabel.swift */ = {isa = PBXFileReference; lastKnownFileType = sourcecode.swift; path = StatusLabel.swift; sourceTree = "<group>"; };
		01EC32472AC885350015041A /* TicTacToe.app */ = {isa = PBXFileReference; explicitFileType = wrapper.application; includeInIndex = 0; path = TicTacToe.app; sourceTree = BUILT_PRODUCTS_DIR; };
		01EC324A2AC885350015041A /* TicTacToeApp.swift */ = {isa = PBXFileReference; lastKnownFileType = sourcecode.swift; path = TicTacToeApp.swift; sourceTree = "<group>"; };
		01EC324C2AC885350015041A /* GameView.swift */ = {isa = PBXFileReference; lastKnownFileType = sourcecode.swift; path = GameView.swift; sourceTree = "<group>"; };
		01EC324E2AC8853B0015041A /* Assets.xcassets */ = {isa = PBXFileReference; lastKnownFileType = folder.assetcatalog; path = Assets.xcassets; sourceTree = "<group>"; };
		01EC32512AC8853B0015041A /* Preview Assets.xcassets */ = {isa = PBXFileReference; lastKnownFileType = folder.assetcatalog; path = "Preview Assets.xcassets"; sourceTree = "<group>"; };
/* End PBXFileReference section */

/* Begin PBXFrameworksBuildPhase section */
		01EC32442AC885350015041A /* Frameworks */ = {
			isa = PBXFrameworksBuildPhase;
			buildActionMask = 2147483647;
			files = (
				015DB0A22ADCC98300C28D3D /* ConfettiSwiftUI in Frameworks */,
			);
			runOnlyForDeploymentPostprocessing = 0;
		};
/* End PBXFrameworksBuildPhase section */

/* Begin PBXGroup section */
		01B8812F2AC8E2FF00C5B02B /* Views */ = {
			isa = PBXGroup;
			children = (
				01B881332AC8E37A00C5B02B /* StatusLabel.swift */,
				014A19CE2AC9F9070076CCFA /* GameSpace.swift */,
				014A19D02AC9FA240076CCFA /* GameGrid.swift */,
				014A19D22AC9FA7C0076CCFA /* TicTacToolbar.swift */,
				015DB0A32ADCCB2200C28D3D /* ScoreCard.swift */,
			);
			path = Views;
			sourceTree = "<group>";
		};
		01EC323E2AC885350015041A = {
			isa = PBXGroup;
			children = (
				01EC32492AC885350015041A /* TicTacToe */,
				01EC32482AC885350015041A /* Products */,
			);
			sourceTree = "<group>";
		};
		01EC32482AC885350015041A /* Products */ = {
			isa = PBXGroup;
			children = (
				01EC32472AC885350015041A /* TicTacToe.app */,
			);
			name = Products;
			sourceTree = "<group>";
		};
		01EC32492AC885350015041A /* TicTacToe */ = {
			isa = PBXGroup;
			children = (
				01EC324C2AC885350015041A /* GameView.swift */,
				01B881312AC8E35100C5B02B /* GameViewModel.swift */,
				01B8812F2AC8E2FF00C5B02B /* Views */,
				01EC324A2AC885350015041A /* TicTacToeApp.swift */,
				01EC324E2AC8853B0015041A /* Assets.xcassets */,
				01A150B32AC9A209002F5A95 /* Info.plist */,
				01EC32502AC8853B0015041A /* Preview Content */,
			);
			path = TicTacToe;
			sourceTree = "<group>";
		};
		01EC32502AC8853B0015041A /* Preview Content */ = {
			isa = PBXGroup;
			children = (
				01EC32512AC8853B0015041A /* Preview Assets.xcassets */,
			);
			path = "Preview Content";
			sourceTree = "<group>";
		};
/* End PBXGroup section */

/* Begin PBXNativeTarget section */
		01EC32462AC885350015041A /* TicTacToe */ = {
			isa = PBXNativeTarget;
			buildConfigurationList = 01EC32552AC8853B0015041A /* Build configuration list for PBXNativeTarget "TicTacToe" */;
			buildPhases = (
				01EC32432AC885350015041A /* Sources */,
				01EC32442AC885350015041A /* Frameworks */,
				01EC32452AC885350015041A /* Resources */,
			);
			buildRules = (
			);
			dependencies = (
			);
			name = TicTacToe;
			packageProductDependencies = (
				015DB0A12ADCC98300C28D3D /* ConfettiSwiftUI */,
			);
			productName = TicTacToe;
			productReference = 01EC32472AC885350015041A /* TicTacToe.app */;
			productType = "com.apple.product-type.application";
		};
/* End PBXNativeTarget section */

/* Begin PBXProject section */
		01EC323F2AC885350015041A /* Project object */ = {
			isa = PBXProject;
			attributes = {
				BuildIndependentTargetsInParallel = 1;
				LastSwiftUpdateCheck = 1420;
				LastUpgradeCheck = 1500;
				TargetAttributes = {
					01EC32462AC885350015041A = {
						CreatedOnToolsVersion = 14.2;
					};
				};
			};
			buildConfigurationList = 01EC32422AC885350015041A /* Build configuration list for PBXProject "TicTacToe" */;
			compatibilityVersion = "Xcode 14.0";
			developmentRegion = en;
			hasScannedForEncodings = 0;
			knownRegions = (
				en,
				Base,
			);
			mainGroup = 01EC323E2AC885350015041A;
			packageReferences = (
				015DB0A02ADCC98200C28D3D /* XCRemoteSwiftPackageReference "ConfettiSwiftUI" */,
			);
			productRefGroup = 01EC32482AC885350015041A /* Products */;
			projectDirPath = "";
			projectRoot = "";
			targets = (
				01EC32462AC885350015041A /* TicTacToe */,
			);
		};
/* End PBXProject section */

/* Begin PBXResourcesBuildPhase section */
		01EC32452AC885350015041A /* Resources */ = {
			isa = PBXResourcesBuildPhase;
			buildActionMask = 2147483647;
			files = (
				01EC32522AC8853B0015041A /* Preview Assets.xcassets in Resources */,
				01EC324F2AC8853B0015041A /* Assets.xcassets in Resources */,
			);
			runOnlyForDeploymentPostprocessing = 0;
		};
/* End PBXResourcesBuildPhase section */

/* Begin PBXSourcesBuildPhase section */
		01EC32432AC885350015041A /* Sources */ = {
			isa = PBXSourcesBuildPhase;
			buildActionMask = 2147483647;
			files = (
				015DB0A42ADCCB2200C28D3D /* ScoreCard.swift in Sources */,
				014A19D32AC9FA7C0076CCFA /* TicTacToolbar.swift in Sources */,
				01B881342AC8E37A00C5B02B /* StatusLabel.swift in Sources */,
				01EC324D2AC885350015041A /* GameView.swift in Sources */,
				014A19CF2AC9F9080076CCFA /* GameSpace.swift in Sources */,
				014A19D12AC9FA240076CCFA /* GameGrid.swift in Sources */,
				01B881322AC8E35100C5B02B /* GameViewModel.swift in Sources */,
				01EC324B2AC885350015041A /* TicTacToeApp.swift in Sources */,
			);
			runOnlyForDeploymentPostprocessing = 0;
		};
/* End PBXSourcesBuildPhase section */

/* Begin XCBuildConfiguration section */
		01EC32532AC8853B0015041A /* Debug */ = {
			isa = XCBuildConfiguration;
			buildSettings = {
				ALWAYS_SEARCH_USER_PATHS = NO;
				CLANG_ANALYZER_NONNULL = YES;
				CLANG_ANALYZER_NUMBER_OBJECT_CONVERSION = YES_AGGRESSIVE;
				CLANG_CXX_LANGUAGE_STANDARD = "gnu++20";
				CLANG_ENABLE_MODULES = YES;
				CLANG_ENABLE_OBJC_ARC = YES;
				CLANG_ENABLE_OBJC_WEAK = YES;
				CLANG_WARN_BLOCK_CAPTURE_AUTORELEASING = YES;
				CLANG_WARN_BOOL_CONVERSION = YES;
				CLANG_WARN_COMMA = YES;
				CLANG_WARN_CONSTANT_CONVERSION = YES;
				CLANG_WARN_DEPRECATED_OBJC_IMPLEMENTATIONS = YES;
				CLANG_WARN_DIRECT_OBJC_ISA_USAGE = YES_ERROR;
				CLANG_WARN_DOCUMENTATION_COMMENTS = YES;
				CLANG_WARN_EMPTY_BODY = YES;
				CLANG_WARN_ENUM_CONVERSION = YES;
				CLANG_WARN_INFINITE_RECURSION = YES;
				CLANG_WARN_INT_CONVERSION = YES;
				CLANG_WARN_NON_LITERAL_NULL_CONVERSION = YES;
				CLANG_WARN_OBJC_IMPLICIT_RETAIN_SELF = YES;
				CLANG_WARN_OBJC_LITERAL_CONVERSION = YES;
				CLANG_WARN_OBJC_ROOT_CLASS = YES_ERROR;
				CLANG_WARN_QUOTED_INCLUDE_IN_FRAMEWORK_HEADER = YES;
				CLANG_WARN_RANGE_LOOP_ANALYSIS = YES;
				CLANG_WARN_STRICT_PROTOTYPES = YES;
				CLANG_WARN_SUSPICIOUS_MOVE = YES;
				CLANG_WARN_UNGUARDED_AVAILABILITY = YES_AGGRESSIVE;
				CLANG_WARN_UNREACHABLE_CODE = YES;
				CLANG_WARN__DUPLICATE_METHOD_MATCH = YES;
				COPY_PHASE_STRIP = NO;
				DEBUG_INFORMATION_FORMAT = dwarf;
				ENABLE_STRICT_OBJC_MSGSEND = YES;
				ENABLE_TESTABILITY = YES;
				ENABLE_USER_SCRIPT_SANDBOXING = YES;
				GCC_C_LANGUAGE_STANDARD = gnu11;
				GCC_DYNAMIC_NO_PIC = NO;
				GCC_NO_COMMON_BLOCKS = YES;
				GCC_OPTIMIZATION_LEVEL = 0;
				GCC_PREPROCESSOR_DEFINITIONS = (
					"DEBUG=1",
					"$(inherited)",
				);
				GCC_WARN_64_TO_32_BIT_CONVERSION = YES;
				GCC_WARN_ABOUT_RETURN_TYPE = YES_ERROR;
				GCC_WARN_UNDECLARED_SELECTOR = YES;
				GCC_WARN_UNINITIALIZED_AUTOS = YES_AGGRESSIVE;
				GCC_WARN_UNUSED_FUNCTION = YES;
				GCC_WARN_UNUSED_VARIABLE = YES;
				IPHONEOS_DEPLOYMENT_TARGET = 16.2;
				MTL_ENABLE_DEBUG_INFO = INCLUDE_SOURCE;
				MTL_FAST_MATH = YES;
				ONLY_ACTIVE_ARCH = YES;
				SDKROOT = iphoneos;
				SWIFT_ACTIVE_COMPILATION_CONDITIONS = DEBUG;
				SWIFT_OPTIMIZATION_LEVEL = "-Onone";
			};
			name = Debug;
		};
		01EC32542AC8853B0015041A /* Release */ = {
			isa = XCBuildConfiguration;
			buildSettings = {
				ALWAYS_SEARCH_USER_PATHS = NO;
				CLANG_ANALYZER_NONNULL = YES;
				CLANG_ANALYZER_NUMBER_OBJECT_CONVERSION = YES_AGGRESSIVE;
				CLANG_CXX_LANGUAGE_STANDARD = "gnu++20";
				CLANG_ENABLE_MODULES = YES;
				CLANG_ENABLE_OBJC_ARC = YES;
				CLANG_ENABLE_OBJC_WEAK = YES;
				CLANG_WARN_BLOCK_CAPTURE_AUTORELEASING = YES;
				CLANG_WARN_BOOL_CONVERSION = YES;
				CLANG_WARN_COMMA = YES;
				CLANG_WARN_CONSTANT_CONVERSION = YES;
				CLANG_WARN_DEPRECATED_OBJC_IMPLEMENTATIONS = YES;
				CLANG_WARN_DIRECT_OBJC_ISA_USAGE = YES_ERROR;
				CLANG_WARN_DOCUMENTATION_COMMENTS = YES;
				CLANG_WARN_EMPTY_BODY = YES;
				CLANG_WARN_ENUM_CONVERSION = YES;
				CLANG_WARN_INFINITE_RECURSION = YES;
				CLANG_WARN_INT_CONVERSION = YES;
				CLANG_WARN_NON_LITERAL_NULL_CONVERSION = YES;
				CLANG_WARN_OBJC_IMPLICIT_RETAIN_SELF = YES;
				CLANG_WARN_OBJC_LITERAL_CONVERSION = YES;
				CLANG_WARN_OBJC_ROOT_CLASS = YES_ERROR;
				CLANG_WARN_QUOTED_INCLUDE_IN_FRAMEWORK_HEADER = YES;
				CLANG_WARN_RANGE_LOOP_ANALYSIS = YES;
				CLANG_WARN_STRICT_PROTOTYPES = YES;
				CLANG_WARN_SUSPICIOUS_MOVE = YES;
				CLANG_WARN_UNGUARDED_AVAILABILITY = YES_AGGRESSIVE;
				CLANG_WARN_UNREACHABLE_CODE = YES;
				CLANG_WARN__DUPLICATE_METHOD_MATCH = YES;
				COPY_PHASE_STRIP = NO;
				DEBUG_INFORMATION_FORMAT = "dwarf-with-dsym";
				ENABLE_NS_ASSERTIONS = NO;
				ENABLE_STRICT_OBJC_MSGSEND = YES;
				ENABLE_USER_SCRIPT_SANDBOXING = YES;
				GCC_C_LANGUAGE_STANDARD = gnu11;
				GCC_NO_COMMON_BLOCKS = YES;
				GCC_WARN_64_TO_32_BIT_CONVERSION = YES;
				GCC_WARN_ABOUT_RETURN_TYPE = YES_ERROR;
				GCC_WARN_UNDECLARED_SELECTOR = YES;
				GCC_WARN_UNINITIALIZED_AUTOS = YES_AGGRESSIVE;
				GCC_WARN_UNUSED_FUNCTION = YES;
				GCC_WARN_UNUSED_VARIABLE = YES;
				IPHONEOS_DEPLOYMENT_TARGET = 16.2;
				MTL_ENABLE_DEBUG_INFO = NO;
				MTL_FAST_MATH = YES;
				SDKROOT = iphoneos;
				SWIFT_COMPILATION_MODE = wholemodule;
				SWIFT_OPTIMIZATION_LEVEL = "-O";
				VALIDATE_PRODUCT = YES;
			};
			name = Release;
		};
		01EC32562AC8853B0015041A /* Debug */ = {
			isa = XCBuildConfiguration;
			buildSettings = {
				ASSETCATALOG_COMPILER_APPICON_NAME = AppIcon;
				ASSETCATALOG_COMPILER_GLOBAL_ACCENT_COLOR_NAME = AccentColor;
				CODE_SIGN_STYLE = Automatic;
				CURRENT_PROJECT_VERSION = 1;
				DEVELOPMENT_ASSET_PATHS = "\"TicTacToe/Preview Content\"";
				DEVELOPMENT_TEAM = KVCUQ2LMJC;
				ENABLE_PREVIEWS = YES;
				GENERATE_INFOPLIST_FILE = YES;
				INFOPLIST_FILE = TicTacToe/Info.plist;
				INFOPLIST_KEY_LSApplicationCategoryType = "public.app-category.puzzle-games";
				INFOPLIST_KEY_UIApplicationSupportsIndirectInputEvents = YES;
				INFOPLIST_KEY_UILaunchScreen_Generation = YES;
				INFOPLIST_KEY_UISupportedInterfaceOrientations = UIInterfaceOrientationPortrait;
				INFOPLIST_KEY_UISupportedInterfaceOrientations_iPad = "UIInterfaceOrientationLandscapeLeft UIInterfaceOrientationLandscapeRight UIInterfaceOrientationPortrait UIInterfaceOrientationPortraitUpsideDown";
				IPHONEOS_DEPLOYMENT_TARGET = 16.2;
				LD_RUNPATH_SEARCH_PATHS = (
					"$(inherited)",
					"@executable_path/Frameworks",
				);
				MARKETING_VERSION = 1.0;
				PRODUCT_BUNDLE_IDENTIFIER = com.nickschaefer.TicTacToe;
				PRODUCT_NAME = "$(TARGET_NAME)";
				SUPPORTED_PLATFORMS = "iphoneos iphonesimulator";
				SUPPORTS_MACCATALYST = NO;
				SUPPORTS_MAC_DESIGNED_FOR_IPHONE_IPAD = NO;
				SWIFT_EMIT_LOC_STRINGS = YES;
				SWIFT_VERSION = 5.0;
				TARGETED_DEVICE_FAMILY = 1;
			};
			name = Debug;
		};
		01EC32572AC8853B0015041A /* Release */ = {
			isa = XCBuildConfiguration;
			buildSettings = {
				ASSETCATALOG_COMPILER_APPICON_NAME = AppIcon;
				ASSETCATALOG_COMPILER_GLOBAL_ACCENT_COLOR_NAME = AccentColor;
				CODE_SIGN_STYLE = Automatic;
				CURRENT_PROJECT_VERSION = 1;
				DEVELOPMENT_ASSET_PATHS = "\"TicTacToe/Preview Content\"";
				DEVELOPMENT_TEAM = KVCUQ2LMJC;
				ENABLE_PREVIEWS = YES;
				GENERATE_INFOPLIST_FILE = YES;
				INFOPLIST_FILE = TicTacToe/Info.plist;
				INFOPLIST_KEY_LSApplicationCategoryType = "public.app-category.puzzle-games";
				INFOPLIST_KEY_UIApplicationSupportsIndirectInputEvents = YES;
				INFOPLIST_KEY_UILaunchScreen_Generation = YES;
				INFOPLIST_KEY_UISupportedInterfaceOrientations = UIInterfaceOrientationPortrait;
				INFOPLIST_KEY_UISupportedInterfaceOrientations_iPad = "UIInterfaceOrientationLandscapeLeft UIInterfaceOrientationLandscapeRight UIInterfaceOrientationPortrait UIInterfaceOrientationPortraitUpsideDown";
				IPHONEOS_DEPLOYMENT_TARGET = 16.2;
				LD_RUNPATH_SEARCH_PATHS = (
					"$(inherited)",
					"@executable_path/Frameworks",
				);
				MARKETING_VERSION = 1.0;
				PRODUCT_BUNDLE_IDENTIFIER = com.nickschaefer.TicTacToe;
				PRODUCT_NAME = "$(TARGET_NAME)";
				SUPPORTED_PLATFORMS = "iphoneos iphonesimulator";
				SUPPORTS_MACCATALYST = NO;
				SUPPORTS_MAC_DESIGNED_FOR_IPHONE_IPAD = NO;
				SWIFT_EMIT_LOC_STRINGS = YES;
				SWIFT_VERSION = 5.0;
				TARGETED_DEVICE_FAMILY = 1;
			};
			name = Release;
		};
/* End XCBuildConfiguration section */

/* Begin XCConfigurationList section */
		01EC32422AC885350015041A /* Build configuration list for PBXProject "TicTacToe" */ = {
			isa = XCConfigurationList;
			buildConfigurations = (
				01EC32532AC8853B0015041A /* Debug */,
				01EC32542AC8853B0015041A /* Release */,
			);
			defaultConfigurationIsVisible = 0;
			defaultConfigurationName = Release;
		};
		01EC32552AC8853B0015041A /* Build configuration list for PBXNativeTarget "TicTacToe" */ = {
			isa = XCConfigurationList;
			buildConfigurations = (
				01EC32562AC8853B0015041A /* Debug */,
				01EC32572AC8853B0015041A /* Release */,
			);
			defaultConfigurationIsVisible = 0;
			defaultConfigurationName = Release;
		};
/* End XCConfigurationList section */

/* Begin XCRemoteSwiftPackageReference section */
		015DB0A02ADCC98200C28D3D /* XCRemoteSwiftPackageReference "ConfettiSwiftUI" */ = {
			isa = XCRemoteSwiftPackageReference;
			repositoryURL = "https://github.com/simibac/ConfettiSwiftUI.git";
			requirement = {
				kind = upToNextMajorVersion;
				minimumVersion = 1.1.0;
			};
		};
/* End XCRemoteSwiftPackageReference section */

/* Begin XCSwiftPackageProductDependency section */
		015DB0A12ADCC98300C28D3D /* ConfettiSwiftUI */ = {
			isa = XCSwiftPackageProductDependency;
			package = 015DB0A02ADCC98200C28D3D /* XCRemoteSwiftPackageReference "ConfettiSwiftUI" */;
			productName = ConfettiSwiftUI;
		};
/* End XCSwiftPackageProductDependency section */
	};
	rootObject = 01EC323F2AC885350015041A /* Project object */;
}
